
Microsoft Visual Studio Solution File, Format Version 12.00
# Visual Studio 15
VisualStudioVersion = 15.0.26430.14
MinimumVisualStudioVersion = 10.0.40219.1
Project("{FAE04EC0-301F-11D3-BF4B-00C04F79EFBC}") = "AurumData", "AurumData\AurumData.csproj", "{E7E17694-2F1B-4FF6-B70E-83405186E631}"
EndProject
Project("{FAE04EC0-301F-11D3-BF4B-00C04F79EFBC}") = "AurumDataEntity", "AurumDataEntity\AurumDataEntity.csproj", "{842592B4-64B9-46E0-917A-5E5E5FACC85A}"
EndProject
Project("{FAE04EC0-301F-11D3-BF4B-00C04F79EFBC}") = "AurumBusiness", "AurumBusiness\AurumBusiness.csproj", "{047E5154-A7FD-4194-9C06-B98CDE59FCAF}"
EndProject
Project("{FAE04EC0-301F-11D3-BF4B-00C04F79EFBC}") = "AurumRest", "AurumRest\AurumRest.csproj", "{0C043A53-0959-457C-9063-551A155ECF66}"
EndProject
Project("{F184B08F-C81C-45F6-A57F-5ABD9991F28F}") = "AurumWeb", "AurumWeb\AurumWeb.vbproj", "{E4BB1349-9608-42B0-ABC0-8B741CA4BEC2}"
	ProjectSection(ProjectDependencies) = postProject
		{047E5154-A7FD-4194-9C06-B98CDE59FCAF} = {047E5154-A7FD-4194-9C06-B98CDE59FCAF}
		{E7E17694-2F1B-4FF6-B70E-83405186E631} = {E7E17694-2F1B-4FF6-B70E-83405186E631}
		{842592B4-64B9-46E0-917A-5E5E5FACC85A} = {842592B4-64B9-46E0-917A-5E5E5FACC85A}
	EndProjectSection
EndProject
Global
	GlobalSection(SolutionConfigurationPlatforms) = preSolution
		Debug|Any CPU = Debug|Any CPU
		Debug|x86 = Debug|x86
		Release|Any CPU = Release|Any CPU
		Release|x86 = Release|x86
		x86|Any CPU = x86|Any CPU
		x86|x86 = x86|x86
	EndGlobalSection
	GlobalSection(ProjectConfigurationPlatforms) = postSolution
		{E7E17694-2F1B-4FF6-B70E-83405186E631}.Debug|Any CPU.ActiveCfg = Debug|Any CPU
		{E7E17694-2F1B-4FF6-B70E-83405186E631}.Debug|Any CPU.Build.0 = Debug|Any CPU
		{E7E17694-2F1B-4FF6-B70E-83405186E631}.Debug|x86.ActiveCfg = Debug|Any CPU
		{E7E17694-2F1B-4FF6-B70E-83405186E631}.Debug|x86.Build.0 = Debug|Any CPU
		{E7E17694-2F1B-4FF6-B70E-83405186E631}.Release|Any CPU.ActiveCfg = Release|Any CPU
		{E7E17694-2F1B-4FF6-B70E-83405186E631}.Release|Any CPU.Build.0 = Release|Any CPU
		{E7E17694-2F1B-4FF6-B70E-83405186E631}.Release|x86.ActiveCfg = Release|Any CPU
		{E7E17694-2F1B-4FF6-B70E-83405186E631}.Release|x86.Build.0 = Release|Any CPU
		{E7E17694-2F1B-4FF6-B70E-83405186E631}.x86|Any CPU.ActiveCfg = Release|Any CPU
		{E7E17694-2F1B-4FF6-B70E-83405186E631}.x86|Any CPU.Build.0 = Release|Any CPU
		{E7E17694-2F1B-4FF6-B70E-83405186E631}.x86|x86.ActiveCfg = Release|Any CPU
		{E7E17694-2F1B-4FF6-B70E-83405186E631}.x86|x86.Build.0 = Release|Any CPU
		{842592B4-64B9-46E0-917A-5E5E5FACC85A}.Debug|Any CPU.ActiveCfg = Debug|Any CPU
		{842592B4-64B9-46E0-917A-5E5E5FACC85A}.Debug|Any CPU.Build.0 = Debug|Any CPU
		{842592B4-64B9-46E0-917A-5E5E5FACC85A}.Debug|x86.ActiveCfg = Debug|Any CPU
		{842592B4-64B9-46E0-917A-5E5E5FACC85A}.Debug|x86.Build.0 = Debug|Any CPU
		{842592B4-64B9-46E0-917A-5E5E5FACC85A}.Release|Any CPU.ActiveCfg = Release|Any CPU
		{842592B4-64B9-46E0-917A-5E5E5FACC85A}.Release|Any CPU.Build.0 = Release|Any CPU
		{842592B4-64B9-46E0-917A-5E5E5FACC85A}.Release|x86.ActiveCfg = Release|Any CPU
		{842592B4-64B9-46E0-917A-5E5E5FACC85A}.Release|x86.Build.0 = Release|Any CPU
		{842592B4-64B9-46E0-917A-5E5E5FACC85A}.x86|Any CPU.ActiveCfg = Release|Any CPU
		{842592B4-64B9-46E0-917A-5E5E5FACC85A}.x86|Any CPU.Build.0 = Release|Any CPU
		{842592B4-64B9-46E0-917A-5E5E5FACC85A}.x86|x86.ActiveCfg = Release|Any CPU
		{842592B4-64B9-46E0-917A-5E5E5FACC85A}.x86|x86.Build.0 = Release|Any CPU
		{047E5154-A7FD-4194-9C06-B98CDE59FCAF}.Debug|Any CPU.ActiveCfg = Debug|Any CPU
		{047E5154-A7FD-4194-9C06-B98CDE59FCAF}.Debug|Any CPU.Build.0 = Debug|Any CPU
		{047E5154-A7FD-4194-9C06-B98CDE59FCAF}.Debug|x86.ActiveCfg = Debug|Any CPU
		{047E5154-A7FD-4194-9C06-B98CDE59FCAF}.Debug|x86.Build.0 = Debug|Any CPU
		{047E5154-A7FD-4194-9C06-B98CDE59FCAF}.Release|Any CPU.ActiveCfg = Release|Any CPU
		{047E5154-A7FD-4194-9C06-B98CDE59FCAF}.Release|Any CPU.Build.0 = Release|Any CPU
		{047E5154-A7FD-4194-9C06-B98CDE59FCAF}.Release|x86.ActiveCfg = Release|Any CPU
		{047E5154-A7FD-4194-9C06-B98CDE59FCAF}.Release|x86.Build.0 = Release|Any CPU
		{047E5154-A7FD-4194-9C06-B98CDE59FCAF}.x86|Any CPU.ActiveCfg = Release|Any CPU
		{047E5154-A7FD-4194-9C06-B98CDE59FCAF}.x86|Any CPU.Build.0 = Release|Any CPU
		{047E5154-A7FD-4194-9C06-B98CDE59FCAF}.x86|x86.ActiveCfg = Release|Any CPU
		{047E5154-A7FD-4194-9C06-B98CDE59FCAF}.x86|x86.Build.0 = Release|Any CPU
		{0C043A53-0959-457C-9063-551A155ECF66}.Debug|Any CPU.ActiveCfg = Debug|Any CPU
		{0C043A53-0959-457C-9063-551A155ECF66}.Debug|Any CPU.Build.0 = Debug|Any CPU
		{0C043A53-0959-457C-9063-551A155ECF66}.Debug|x86.ActiveCfg = Debug|x86
		{0C043A53-0959-457C-9063-551A155ECF66}.Debug|x86.Build.0 = Debug|x86
		{0C043A53-0959-457C-9063-551A155ECF66}.Release|Any CPU.ActiveCfg = Release|Any CPU
		{0C043A53-0959-457C-9063-551A155ECF66}.Release|Any CPU.Build.0 = Release|Any CPU
		{0C043A53-0959-457C-9063-551A155ECF66}.Release|x86.ActiveCfg = Release|x86
		{0C043A53-0959-457C-9063-551A155ECF66}.Release|x86.Build.0 = Release|x86
		{0C043A53-0959-457C-9063-551A155ECF66}.x86|Any CPU.ActiveCfg = x86|Any CPU
		{0C043A53-0959-457C-9063-551A155ECF66}.x86|Any CPU.Build.0 = x86|Any CPU
		{0C043A53-0959-457C-9063-551A155ECF66}.x86|x86.ActiveCfg = x86|x86
		{0C043A53-0959-457C-9063-551A155ECF66}.x86|x86.Build.0 = x86|x86
		{E4BB1349-9608-42B0-ABC0-8B741CA4BEC2}.Debug|Any CPU.ActiveCfg = Debug|Any CPU
		{E4BB1349-9608-42B0-ABC0-8B741CA4BEC2}.Debug|Any CPU.Build.0 = Debug|Any CPU
		{E4BB1349-9608-42B0-ABC0-8B741CA4BEC2}.Debug|x86.ActiveCfg = Debug|Any CPU
		{E4BB1349-9608-42B0-ABC0-8B741CA4BEC2}.Debug|x86.Build.0 = Debug|Any CPU
		{E4BB1349-9608-42B0-ABC0-8B741CA4BEC2}.Release|Any CPU.ActiveCfg = Release|Any CPU
		{E4BB1349-9608-42B0-ABC0-8B741CA4BEC2}.Release|Any CPU.Build.0 = Release|Any CPU
		{E4BB1349-9608-42B0-ABC0-8B741CA4BEC2}.Release|x86.ActiveCfg = Release|Any CPU
		{E4BB1349-9608-42B0-ABC0-8B741CA4BEC2}.Release|x86.Build.0 = Release|Any CPU
		{E4BB1349-9608-42B0-ABC0-8B741CA4BEC2}.x86|Any CPU.ActiveCfg = Release|Any CPU
		{E4BB1349-9608-42B0-ABC0-8B741CA4BEC2}.x86|Any CPU.Build.0 = Release|Any CPU
		{E4BB1349-9608-42B0-ABC0-8B741CA4BEC2}.x86|x86.ActiveCfg = Release|Any CPU
		{E4BB1349-9608-42B0-ABC0-8B741CA4BEC2}.x86|x86.Build.0 = Release|Any CPU
	EndGlobalSection
	GlobalSection(SolutionProperties) = preSolution
		HideSolutionNode = FALSE
	EndGlobalSection
EndGlobal
